{
  "name": "cpapp",
  "version": "1.0.0",
  "lockfileVersion": 1,
  "requires": true,
  "dependencies": {
    "@sap/ux-specification": {
      "version": "1.90.12",
      "resolved": "https://registry.npmjs.org/@sap/ux-specification/-/ux-specification-1.90.12.tgz",
      "integrity": "sha512-uqLWiPEsdzF3UOW+hlyfRA/jznTn7awlCgU+v3Vr+C22ZrZdNUvVHYf0ip4FhTcpEOr4cZq17hpA69j0U+kzUw==",
      "dev": true
    }
  }
}
